
Microsoft Visual Studio Solution File, Format Version 12.00
# Visual Studio 15
VisualStudioVersion = 15.0.28010.2003
MinimumVisualStudioVersion = 10.0.40219.1
Project("{8BC9CEB8-8B4A-11D0-8D11-00A0C91BC942}") = "AlgorithmStudy", "AlgorithmStudy\AlgorithmStudy.vcxproj", "{957061C0-705C-4704-9D59-525B8187F01A}"
EndProject
Project("{2150E333-8FDC-42A3-9474-1A3956D46DE8}") = "Fininsh_Algorithm", "Fininsh_Algorithm", "{7EE2E181-5946-4516-B54D-9F3B65822F01}"
	ProjectSection(SolutionItems) = preProject
		AlgorithmStudy\1007.cpp = AlgorithmStudy\1007.cpp
		AlgorithmStudy\1007_sol.cpp = AlgorithmStudy\1007_sol.cpp
		AlgorithmStudy\10989.cpp = AlgorithmStudy\10989.cpp
		AlgorithmStudy\1202_greedypq.cpp = AlgorithmStudy\1202_greedypq.cpp
		AlgorithmStudy\1202_multiset.cpp = AlgorithmStudy\1202_multiset.cpp
		AlgorithmStudy\1202_union.cpp = AlgorithmStudy\1202_union.cpp
		AlgorithmStudy\1208_dfs.cpp = AlgorithmStudy\1208_dfs.cpp
		AlgorithmStudy\1208_dfs2.cpp = AlgorithmStudy\1208_dfs2.cpp
		AlgorithmStudy\1431.cpp = AlgorithmStudy\1431.cpp
		AlgorithmStudy\14852.cpp = AlgorithmStudy\14852.cpp
		AlgorithmStudy\1509.cpp = AlgorithmStudy\1509.cpp
		AlgorithmStudy\1509_dp.cpp = AlgorithmStudy\1509_dp.cpp
		AlgorithmStudy\1562_dp.cpp = AlgorithmStudy\1562_dp.cpp
		AlgorithmStudy\1644.cpp = AlgorithmStudy\1644.cpp
		AlgorithmStudy\1647_unionset and kruskal.cpp = AlgorithmStudy\1647_unionset and kruskal.cpp
		AlgorithmStudy\1647_unionset.cpp = AlgorithmStudy\1647_unionset.cpp
		AlgorithmStudy\1766_topological_sort.cpp = AlgorithmStudy\1766_topological_sort.cpp
		AlgorithmStudy\1799_backtracking.cpp = AlgorithmStudy\1799_backtracking.cpp
		AlgorithmStudy\1806_twopointer.cpp = AlgorithmStudy\1806_twopointer.cpp
		AlgorithmStudy\1987_dfs_DP.cpp = AlgorithmStudy\1987_dfs_DP.cpp
		AlgorithmStudy\2098_DP.cpp = AlgorithmStudy\2098_DP.cpp
		AlgorithmStudy\2133.cpp = AlgorithmStudy\2133.cpp
		AlgorithmStudy\2143_lowerupperbound.cpp = AlgorithmStudy\2143_lowerupperbound.cpp
		AlgorithmStudy\2162.cpp = AlgorithmStudy\2162.cpp
		AlgorithmStudy\primenumber.cpp = AlgorithmStudy\primenumber.cpp
		AlgorithmStudy\stack_test.cpp = AlgorithmStudy\stack_test.cpp
	EndProjectSection
EndProject
Global
	GlobalSection(SolutionConfigurationPlatforms) = preSolution
		Debug|x64 = Debug|x64
		Debug|x86 = Debug|x86
		Release|x64 = Release|x64
		Release|x86 = Release|x86
	EndGlobalSection
	GlobalSection(ProjectConfigurationPlatforms) = postSolution
		{957061C0-705C-4704-9D59-525B8187F01A}.Debug|x64.ActiveCfg = Debug|x64
		{957061C0-705C-4704-9D59-525B8187F01A}.Debug|x64.Build.0 = Debug|x64
		{957061C0-705C-4704-9D59-525B8187F01A}.Debug|x86.ActiveCfg = Debug|Win32
		{957061C0-705C-4704-9D59-525B8187F01A}.Debug|x86.Build.0 = Debug|Win32
		{957061C0-705C-4704-9D59-525B8187F01A}.Release|x64.ActiveCfg = Release|x64
		{957061C0-705C-4704-9D59-525B8187F01A}.Release|x64.Build.0 = Release|x64
		{957061C0-705C-4704-9D59-525B8187F01A}.Release|x86.ActiveCfg = Release|Win32
		{957061C0-705C-4704-9D59-525B8187F01A}.Release|x86.Build.0 = Release|Win32
	EndGlobalSection
	GlobalSection(SolutionProperties) = preSolution
		HideSolutionNode = FALSE
	EndGlobalSection
	GlobalSection(ExtensibilityGlobals) = postSolution
		SolutionGuid = {1228B745-FE38-47F2-999E-F8823A940DDC}
	EndGlobalSection
EndGlobal
